
Microsoft Visual Studio Solution File, Format Version 12.00
# Visual Studio 14
VisualStudioVersion = 14.0.24720.0
MinimumVisualStudioVersion = 10.0.40219.1
Project("{FAE04EC0-301F-11D3-BF4B-00C04F79EFBC}") = "ChrlolRater", "ChrlolRater\ChrlolRater.csproj", "{D9BACC5C-0A14-4C4C-B900-37AE2B7BB94F}"
EndProject
Project("{FAE04EC0-301F-11D3-BF4B-00C04F79EFBC}") = "ChrlolRater.Tests", "ChrlolRater.Tests\ChrlolRater.Tests.csproj", "{A8C75B98-B88F-44C2-8674-AB7B65F49742}"
EndProject
Project("{FAE04EC0-301F-11D3-BF4B-00C04F79EFBC}") = "Data", "Data\Data.csproj", "{941C3C7C-92EC-4E51-AFD8-C9E150BBE5C0}"
EndProject
Global
	GlobalSection(SolutionConfigurationPlatforms) = preSolution
		Debug|Any CPU = Debug|Any CPU
		Release|Any CPU = Release|Any CPU
	EndGlobalSection
	GlobalSection(ProjectConfigurationPlatforms) = postSolution
		{D9BACC5C-0A14-4C4C-B900-37AE2B7BB94F}.Debug|Any CPU.ActiveCfg = Debug|Any CPU
		{D9BACC5C-0A14-4C4C-B900-37AE2B7BB94F}.Debug|Any CPU.Build.0 = Debug|Any CPU
		{D9BACC5C-0A14-4C4C-B900-37AE2B7BB94F}.Release|Any CPU.ActiveCfg = Release|Any CPU
		{D9BACC5C-0A14-4C4C-B900-37AE2B7BB94F}.Release|Any CPU.Build.0 = Release|Any CPU
		{A8C75B98-B88F-44C2-8674-AB7B65F49742}.Debug|Any CPU.ActiveCfg = Debug|Any CPU
		{A8C75B98-B88F-44C2-8674-AB7B65F49742}.Debug|Any CPU.Build.0 = Debug|Any CPU
		{A8C75B98-B88F-44C2-8674-AB7B65F49742}.Release|Any CPU.ActiveCfg = Release|Any CPU
		{A8C75B98-B88F-44C2-8674-AB7B65F49742}.Release|Any CPU.Build.0 = Release|Any CPU
		{941C3C7C-92EC-4E51-AFD8-C9E150BBE5C0}.Debug|Any CPU.ActiveCfg = Debug|Any CPU
		{941C3C7C-92EC-4E51-AFD8-C9E150BBE5C0}.Debug|Any CPU.Build.0 = Debug|Any CPU
		{941C3C7C-92EC-4E51-AFD8-C9E150BBE5C0}.Release|Any CPU.ActiveCfg = Release|Any CPU
		{941C3C7C-92EC-4E51-AFD8-C9E150BBE5C0}.Release|Any CPU.Build.0 = Release|Any CPU
	EndGlobalSection
	GlobalSection(SolutionProperties) = preSolution
		HideSolutionNode = FALSE
	EndGlobalSection
	GlobalSection(TeamFoundationVersionControl) = preSolution
		SccNumberOfProjects = 4
		SccEnterpriseProvider = {4CA58AB2-18FA-4F8D-95D4-32DDF27D184C}
		SccTeamFoundationServer = https://chrlol.visualstudio.com/defaultcollection
		SccLocalPath0 = .
		SccProjectUniqueName1 = ChrlolRater.Tests\\ChrlolRater.Tests.csproj
		SccProjectName1 = ChrlolRater.Tests
		SccLocalPath1 = ChrlolRater.Tests
		SccProjectUniqueName2 = ChrlolRater\\ChrlolRater.csproj
		SccProjectName2 = ChrlolRater
		SccLocalPath2 = ChrlolRater
		SccProjectUniqueName3 = Data\\Data.csproj
		SccProjectName3 = Data
		SccLocalPath3 = Data
	EndGlobalSection
EndGlobal
